
Microsoft Visual Studio Solution File, Format Version 12.00
# Visual Studio 2012
Project("{FAE04EC0-301F-11D3-BF4B-00C04F79EFBC}") = "WinCalc", "WinCalc\WinCalc.csproj", "{CB1B0C2A-D960-4ED6-8253-3A1737E0E251}"
EndProject
Global
	GlobalSection(SolutionConfigurationPlatforms) = preSolution
		Debug|Any CPU = Debug|Any CPU
		Release|Any CPU = Release|Any CPU
	EndGlobalSection
	GlobalSection(ProjectConfigurationPlatforms) = postSolution
		{CB1B0C2A-D960-4ED6-8253-3A1737E0E251}.Debug|Any CPU.ActiveCfg = Debug|Any CPU
		{CB1B0C2A-D960-4ED6-8253-3A1737E0E251}.Debug|Any CPU.Build.0 = Debug|Any CPU
		{CB1B0C2A-D960-4ED6-8253-3A1737E0E251}.Release|Any CPU.ActiveCfg = Release|Any CPU
		{CB1B0C2A-D960-4ED6-8253-3A1737E0E251}.Release|Any CPU.Build.0 = Release|Any CPU
	EndGlobalSection
	GlobalSection(SolutionProperties) = preSolution
		HideSolutionNode = FALSE
	EndGlobalSection
EndGlobal
